// !$*UTF8*$!
{
	archiveVersion = 1;
	classes = {
	};
	objectVersion = 46;
	objects = {

/* Begin PBXBuildFile section */
		371E54F41A724C1500F15643 /* Article.m in Sources */ = {isa = PBXBuildFile; fileRef = 371E54F31A724C1500F15643 /* Article.m */; };
		37CD71C61A1FAC1300A86E85 /* QRViewController.m in Sources */ = {isa = PBXBuildFile; fileRef = 37CD71C51A1FAC1300A86E85 /* QRViewController.m */; };
		37DF97211A69522100113402 /* Categorie.m in Sources */ = {isa = PBXBuildFile; fileRef = 37DF97201A69522100113402 /* Categorie.m */; };
		37EAC7F11A1643D600360744 /* main.m in Sources */ = {isa = PBXBuildFile; fileRef = 37EAC7F01A1643D600360744 /* main.m */; };
		37EAC7F41A1643D600360744 /* AppDelegate.m in Sources */ = {isa = PBXBuildFile; fileRef = 37EAC7F31A1643D600360744 /* AppDelegate.m */; };
		37EAC7F71A1643D600360744 /* BarTendr.xcdatamodeld in Sources */ = {isa = PBXBuildFile; fileRef = 37EAC7F51A1643D600360744 /* BarTendr.xcdatamodeld */; };
		37EAC7FA1A1643D600360744 /* ViewController.m in Sources */ = {isa = PBXBuildFile; fileRef = 37EAC7F91A1643D600360744 /* ViewController.m */; };
		37EAC7FD1A1643D600360744 /* Main.storyboard in Resources */ = {isa = PBXBuildFile; fileRef = 37EAC7FB1A1643D600360744 /* Main.storyboard */; };
		37EAC7FF1A1643D600360744 /* Images.xcassets in Resources */ = {isa = PBXBuildFile; fileRef = 37EAC7FE1A1643D600360744 /* Images.xcassets */; };
		37EAC8021A1643D600360744 /* LaunchScreen.xib in Resources */ = {isa = PBXBuildFile; fileRef = 37EAC8001A1643D600360744 /* LaunchScreen.xib */; };
		37EAC80E1A1643D600360744 /* BarTendrTests.m in Sources */ = {isa = PBXBuildFile; fileRef = 37EAC80D1A1643D600360744 /* BarTendrTests.m */; };
		643434E81A1F931B005482E3 /* boissonViewController.m in Sources */ = {isa = PBXBuildFile; fileRef = 643434E71A1F931B005482E3 /* boissonViewController.m */; };
		64377AEB1A28908B00F2A93C /* listeBoissonViewController.m in Sources */ = {isa = PBXBuildFile; fileRef = 64377AE81A28908B00F2A93C /* listeBoissonViewController.m */; };
		64377AEC1A28908B00F2A93C /* recapViewController.m in Sources */ = {isa = PBXBuildFile; fileRef = 64377AEA1A28908B00F2A93C /* recapViewController.m */; };
		6491C5AA1A6974A10028390B /* logo.png in Resources */ = {isa = PBXBuildFile; fileRef = 6491C5A91A6974A10028390B /* logo.png */; };
		64BA91E61A697C2600BD9EFC /* biere.jpg in Resources */ = {isa = PBXBuildFile; fileRef = 64BA91E21A697C2600BD9EFC /* biere.jpg */; };
		64BA91E71A697C2600BD9EFC /* ExpendingCell.m in Sources */ = {isa = PBXBuildFile; fileRef = 64BA91E41A697C2600BD9EFC /* ExpendingCell.m */; };
		64BA91E81A697C2600BD9EFC /* ExpendingCell.xib in Resources */ = {isa = PBXBuildFile; fileRef = 64BA91E51A697C2600BD9EFC /* ExpendingCell.xib */; };
		64D1E3BF1A77B94700294DC2 /* Globals.m in Sources */ = {isa = PBXBuildFile; fileRef = 64D1E3BE1A77B94600294DC2 /* Globals.m */; };
		64D1E3C21A77C44F00294DC2 /* RecapCell.xib in Resources */ = {isa = PBXBuildFile; fileRef = 64D1E3C11A77C44F00294DC2 /* RecapCell.xib */; };
		64D1E3C51A77C48300294DC2 /* RecapCell.m in Sources */ = {isa = PBXBuildFile; fileRef = 64D1E3C41A77C48300294DC2 /* RecapCell.m */; };
		64F66C9D1A6FDD830075BA5A /* CategoryCell.xib in Resources */ = {isa = PBXBuildFile; fileRef = 64F66C9C1A6FDD830075BA5A /* CategoryCell.xib */; };
		64F66CA01A6FDDB10075BA5A /* CategoryCell.m in Sources */ = {isa = PBXBuildFile; fileRef = 64F66C9F1A6FDDB10075BA5A /* CategoryCell.m */; };
		64F66CA81A72A8690075BA5A /* Commande.m in Sources */ = {isa = PBXBuildFile; fileRef = 64F66CA71A72A8690075BA5A /* Commande.m */; };
/* End PBXBuildFile section */

/* Begin PBXContainerItemProxy section */
		37EAC8081A1643D600360744 /* PBXContainerItemProxy */ = {
			isa = PBXContainerItemProxy;
			containerPortal = 37EAC7E31A1643D500360744 /* Project object */;
			proxyType = 1;
			remoteGlobalIDString = 37EAC7EA1A1643D600360744;
			remoteInfo = BarTendr;
		};
/* End PBXContainerItemProxy section */

/* Begin PBXFileReference section */
		371E54F21A724C1500F15643 /* Article.h */ = {isa = PBXFileReference; fileEncoding = 4; lastKnownFileType = sourcecode.c.h; path = Article.h; sourceTree = "<group>"; };
		371E54F31A724C1500F15643 /* Article.m */ = {isa = PBXFileReference; fileEncoding = 4; lastKnownFileType = sourcecode.c.objc; path = Article.m; sourceTree = "<group>"; };
		37CD71C41A1FAC1300A86E85 /* QRViewController.h */ = {isa = PBXFileReference; fileEncoding = 4; lastKnownFileType = sourcecode.c.h; path = QRViewController.h; sourceTree = "<group>"; };
		37CD71C51A1FAC1300A86E85 /* QRViewController.m */ = {isa = PBXFileReference; fileEncoding = 4; lastKnownFileType = sourcecode.c.objc; path = QRViewController.m; sourceTree = "<group>"; };
		37DF971F1A69522100113402 /* Categorie.h */ = {isa = PBXFileReference; fileEncoding = 4; lastKnownFileType = sourcecode.c.h; path = Categorie.h; sourceTree = "<group>"; };
		37DF97201A69522100113402 /* Categorie.m */ = {isa = PBXFileReference; fileEncoding = 4; lastKnownFileType = sourcecode.c.objc; path = Categorie.m; sourceTree = "<group>"; };
		37EAC7EB1A1643D600360744 /* BarTendr.app */ = {isa = PBXFileReference; explicitFileType = wrapper.application; includeInIndex = 0; path = BarTendr.app; sourceTree = BUILT_PRODUCTS_DIR; };
		37EAC7EF1A1643D600360744 /* Info.plist */ = {isa = PBXFileReference; lastKnownFileType = text.plist.xml; path = Info.plist; sourceTree = "<group>"; };
		37EAC7F01A1643D600360744 /* main.m */ = {isa = PBXFileReference; lastKnownFileType = sourcecode.c.objc; path = main.m; sourceTree = "<group>"; };
		37EAC7F21A1643D600360744 /* AppDelegate.h */ = {isa = PBXFileReference; lastKnownFileType = sourcecode.c.h; path = AppDelegate.h; sourceTree = "<group>"; };
		37EAC7F31A1643D600360744 /* AppDelegate.m */ = {isa = PBXFileReference; lastKnownFileType = sourcecode.c.objc; path = AppDelegate.m; sourceTree = "<group>"; };
		37EAC7F61A1643D600360744 /* BarTendr.xcdatamodel */ = {isa = PBXFileReference; lastKnownFileType = wrapper.xcdatamodel; path = BarTendr.xcdatamodel; sourceTree = "<group>"; };
		37EAC7F81A1643D600360744 /* ViewController.h */ = {isa = PBXFileReference; lastKnownFileType = sourcecode.c.h; path = ViewController.h; sourceTree = "<group>"; };
		37EAC7F91A1643D600360744 /* ViewController.m */ = {isa = PBXFileReference; lastKnownFileType = sourcecode.c.objc; path = ViewController.m; sourceTree = "<group>"; };
		37EAC7FC1A1643D600360744 /* Base */ = {isa = PBXFileReference; lastKnownFileType = file.storyboard; name = Base; path = Base.lproj/Main.storyboard; sourceTree = "<group>"; };
		37EAC7FE1A1643D600360744 /* Images.xcassets */ = {isa = PBXFileReference; lastKnownFileType = folder.assetcatalog; path = Images.xcassets; sourceTree = "<group>"; };
		37EAC8011A1643D600360744 /* Base */ = {isa = PBXFileReference; lastKnownFileType = file.xib; name = Base; path = Base.lproj/LaunchScreen.xib; sourceTree = "<group>"; };
		37EAC8071A1643D600360744 /* BarTendrTests.xctest */ = {isa = PBXFileReference; explicitFileType = wrapper.cfbundle; includeInIndex = 0; path = BarTendrTests.xctest; sourceTree = BUILT_PRODUCTS_DIR; };
		37EAC80C1A1643D600360744 /* Info.plist */ = {isa = PBXFileReference; lastKnownFileType = text.plist.xml; path = Info.plist; sourceTree = "<group>"; };
		37EAC80D1A1643D600360744 /* BarTendrTests.m */ = {isa = PBXFileReference; lastKnownFileType = sourcecode.c.objc; path = BarTendrTests.m; sourceTree = "<group>"; };
		643434E61A1F931B005482E3 /* boissonViewController.h */ = {isa = PBXFileReference; fileEncoding = 4; lastKnownFileType = sourcecode.c.h; path = boissonViewController.h; sourceTree = "<group>"; };
		643434E71A1F931B005482E3 /* boissonViewController.m */ = {isa = PBXFileReference; fileEncoding = 4; lastKnownFileType = sourcecode.c.objc; path = boissonViewController.m; sourceTree = "<group>"; };
		64377AE71A28908B00F2A93C /* listeBoissonViewController.h */ = {isa = PBXFileReference; fileEncoding = 4; lastKnownFileType = sourcecode.c.h; path = listeBoissonViewController.h; sourceTree = "<group>"; };
		64377AE81A28908B00F2A93C /* listeBoissonViewController.m */ = {isa = PBXFileReference; fileEncoding = 4; lastKnownFileType = sourcecode.c.objc; path = listeBoissonViewController.m; sourceTree = "<group>"; };
		64377AE91A28908B00F2A93C /* recapViewController.h */ = {isa = PBXFileReference; fileEncoding = 4; lastKnownFileType = sourcecode.c.h; path = recapViewController.h; sourceTree = "<group>"; };
		64377AEA1A28908B00F2A93C /* recapViewController.m */ = {isa = PBXFileReference; fileEncoding = 4; lastKnownFileType = sourcecode.c.objc; path = recapViewController.m; sourceTree = "<group>"; };
		6491C5771A69176D0028390B /* Globals.h */ = {isa = PBXFileReference; lastKnownFileType = sourcecode.c.h; path = Globals.h; sourceTree = "<group>"; };
		6491C5A91A6974A10028390B /* logo.png */ = {isa = PBXFileReference; lastKnownFileType = image.png; path = logo.png; sourceTree = "<group>"; };
		64BA91E21A697C2600BD9EFC /* biere.jpg */ = {isa = PBXFileReference; lastKnownFileType = image.jpeg; path = biere.jpg; sourceTree = "<group>"; };
		64BA91E31A697C2600BD9EFC /* ExpendingCell.h */ = {isa = PBXFileReference; fileEncoding = 4; lastKnownFileType = sourcecode.c.h; path = ExpendingCell.h; sourceTree = "<group>"; };
		64BA91E41A697C2600BD9EFC /* ExpendingCell.m */ = {isa = PBXFileReference; fileEncoding = 4; lastKnownFileType = sourcecode.c.objc; path = ExpendingCell.m; sourceTree = "<group>"; };
		64BA91E51A697C2600BD9EFC /* ExpendingCell.xib */ = {isa = PBXFileReference; fileEncoding = 4; lastKnownFileType = file.xib; path = ExpendingCell.xib; sourceTree = "<group>"; };
		64D1E3BE1A77B94600294DC2 /* Globals.m */ = {isa = PBXFileReference; fileEncoding = 4; lastKnownFileType = sourcecode.c.objc; path = Globals.m; sourceTree = "<group>"; };
		64D1E3C11A77C44F00294DC2 /* RecapCell.xib */ = {isa = PBXFileReference; fileEncoding = 4; lastKnownFileType = file.xib; path = RecapCell.xib; sourceTree = "<group>"; };
		64D1E3C31A77C48300294DC2 /* RecapCell.h */ = {isa = PBXFileReference; fileEncoding = 4; lastKnownFileType = sourcecode.c.h; path = RecapCell.h; sourceTree = "<group>"; };
		64D1E3C41A77C48300294DC2 /* RecapCell.m */ = {isa = PBXFileReference; fileEncoding = 4; lastKnownFileType = sourcecode.c.objc; path = RecapCell.m; sourceTree = "<group>"; };
		64F66C9C1A6FDD830075BA5A /* CategoryCell.xib */ = {isa = PBXFileReference; fileEncoding = 4; lastKnownFileType = file.xib; path = CategoryCell.xib; sourceTree = "<group>"; };
		64F66C9E1A6FDDB10075BA5A /* CategoryCell.h */ = {isa = PBXFileReference; fileEncoding = 4; lastKnownFileType = sourcecode.c.h; path = CategoryCell.h; sourceTree = "<group>"; };
		64F66C9F1A6FDDB10075BA5A /* CategoryCell.m */ = {isa = PBXFileReference; fileEncoding = 4; lastKnownFileType = sourcecode.c.objc; path = CategoryCell.m; sourceTree = "<group>"; };
		64F66CA61A72A8690075BA5A /* Commande.h */ = {isa = PBXFileReference; fileEncoding = 4; lastKnownFileType = sourcecode.c.h; path = Commande.h; sourceTree = "<group>"; };
		64F66CA71A72A8690075BA5A /* Commande.m */ = {isa = PBXFileReference; fileEncoding = 4; lastKnownFileType = sourcecode.c.objc; path = Commande.m; sourceTree = "<group>"; };
/* End PBXFileReference section */

/* Begin PBXFrameworksBuildPhase section */
		37EAC7E81A1643D600360744 /* Frameworks */ = {
			isa = PBXFrameworksBuildPhase;
			buildActionMask = 2147483647;
			files = (
			);
			runOnlyForDeploymentPostprocessing = 0;
		};
		37EAC8041A1643D600360744 /* Frameworks */ = {
			isa = PBXFrameworksBuildPhase;
			buildActionMask = 2147483647;
			files = (
			);
			runOnlyForDeploymentPostprocessing = 0;
		};
/* End PBXFrameworksBuildPhase section */

/* Begin PBXGroup section */
		37EAC7E21A1643D500360744 = {
			isa = PBXGroup;
			children = (
				37EAC7ED1A1643D600360744 /* BarTendr */,
				37EAC80A1A1643D600360744 /* BarTendrTests */,
				37EAC7EC1A1643D600360744 /* Products */,
			);
			sourceTree = "<group>";
		};
		37EAC7EC1A1643D600360744 /* Products */ = {
			isa = PBXGroup;
			children = (
				37EAC7EB1A1643D600360744 /* BarTendr.app */,
				37EAC8071A1643D600360744 /* BarTendrTests.xctest */,
			);
			name = Products;
			sourceTree = "<group>";
		};
		37EAC7ED1A1643D600360744 /* BarTendr */ = {
			isa = PBXGroup;
			children = (
				64BA91EA1A697C5B00BD9EFC /* Images */,
				64D1E3C01A77C43100294DC2 /* RecapCell */,
				64BA91E91A697C4200BD9EFC /* ExpendingCell */,
				64F66C9B1A6FDD510075BA5A /* CategoryCell */,
				6491C5771A69176D0028390B /* Globals.h */,
				64D1E3BE1A77B94600294DC2 /* Globals.m */,
				371E54F21A724C1500F15643 /* Article.h */,
				371E54F31A724C1500F15643 /* Article.m */,
				37DF971F1A69522100113402 /* Categorie.h */,
				37DF97201A69522100113402 /* Categorie.m */,
				64F66CA61A72A8690075BA5A /* Commande.h */,
				64F66CA71A72A8690075BA5A /* Commande.m */,
				64377AE91A28908B00F2A93C /* recapViewController.h */,
				64377AEA1A28908B00F2A93C /* recapViewController.m */,
				37EAC7F21A1643D600360744 /* AppDelegate.h */,
				37EAC7F31A1643D600360744 /* AppDelegate.m */,
				37EAC7F81A1643D600360744 /* ViewController.h */,
				37EAC7F91A1643D600360744 /* ViewController.m */,
				37CD71C41A1FAC1300A86E85 /* QRViewController.h */,
				37CD71C51A1FAC1300A86E85 /* QRViewController.m */,
				64377AE71A28908B00F2A93C /* listeBoissonViewController.h */,
				64377AE81A28908B00F2A93C /* listeBoissonViewController.m */,
				643434E61A1F931B005482E3 /* boissonViewController.h */,
				643434E71A1F931B005482E3 /* boissonViewController.m */,
				37EAC7FB1A1643D600360744 /* Main.storyboard */,
				37EAC7FE1A1643D600360744 /* Images.xcassets */,
				37EAC8001A1643D600360744 /* LaunchScreen.xib */,
				37EAC7F51A1643D600360744 /* BarTendr.xcdatamodeld */,
				37EAC7EE1A1643D600360744 /* Supporting Files */,
			);
			path = BarTendr;
			sourceTree = "<group>";
		};
		37EAC7EE1A1643D600360744 /* Supporting Files */ = {
			isa = PBXGroup;
			children = (
				37EAC7EF1A1643D600360744 /* Info.plist */,
				37EAC7F01A1643D600360744 /* main.m */,
			);
			name = "Supporting Files";
			sourceTree = "<group>";
		};
		37EAC80A1A1643D600360744 /* BarTendrTests */ = {
			isa = PBXGroup;
			children = (
				37EAC80D1A1643D600360744 /* BarTendrTests.m */,
				37EAC80B1A1643D600360744 /* Supporting Files */,
			);
			path = BarTendrTests;
			sourceTree = "<group>";
		};
		37EAC80B1A1643D600360744 /* Supporting Files */ = {
			isa = PBXGroup;
			children = (
				37EAC80C1A1643D600360744 /* Info.plist */,
			);
			name = "Supporting Files";
			sourceTree = "<group>";
		};
		64BA91E91A697C4200BD9EFC /* ExpendingCell */ = {
			isa = PBXGroup;
			children = (
				64BA91E51A697C2600BD9EFC /* ExpendingCell.xib */,
				64BA91E31A697C2600BD9EFC /* ExpendingCell.h */,
				64BA91E41A697C2600BD9EFC /* ExpendingCell.m */,
			);
			name = ExpendingCell;
			sourceTree = "<group>";
		};
		64BA91EA1A697C5B00BD9EFC /* Images */ = {
			isa = PBXGroup;
			children = (
				64BA91E21A697C2600BD9EFC /* biere.jpg */,
				6491C5A91A6974A10028390B /* logo.png */,
			);
			name = Images;
			sourceTree = "<group>";
		};
		64D1E3C01A77C43100294DC2 /* RecapCell */ = {
			isa = PBXGroup;
			children = (
				64D1E3C11A77C44F00294DC2 /* RecapCell.xib */,
				64D1E3C31A77C48300294DC2 /* RecapCell.h */,
				64D1E3C41A77C48300294DC2 /* RecapCell.m */,
			);
			name = RecapCell;
			sourceTree = "<group>";
		};
		64F66C9B1A6FDD510075BA5A /* CategoryCell */ = {
			isa = PBXGroup;
			children = (
				64F66C9C1A6FDD830075BA5A /* CategoryCell.xib */,
				64F66C9E1A6FDDB10075BA5A /* CategoryCell.h */,
				64F66C9F1A6FDDB10075BA5A /* CategoryCell.m */,
			);
			name = CategoryCell;
			sourceTree = "<group>";
		};
/* End PBXGroup section */

/* Begin PBXNativeTarget section */
		37EAC7EA1A1643D600360744 /* BarTendr */ = {
			isa = PBXNativeTarget;
			buildConfigurationList = 37EAC8111A1643D600360744 /* Build configuration list for PBXNativeTarget "BarTendr" */;
			buildPhases = (
				37EAC7E71A1643D600360744 /* Sources */,
				37EAC7E81A1643D600360744 /* Frameworks */,
				37EAC7E91A1643D600360744 /* Resources */,
			);
			buildRules = (
			);
			dependencies = (
			);
			name = BarTendr;
			productName = BarTendr;
			productReference = 37EAC7EB1A1643D600360744 /* BarTendr.app */;
			productType = "com.apple.product-type.application";
		};
		37EAC8061A1643D600360744 /* BarTendrTests */ = {
			isa = PBXNativeTarget;
			buildConfigurationList = 37EAC8141A1643D600360744 /* Build configuration list for PBXNativeTarget "BarTendrTests" */;
			buildPhases = (
				37EAC8031A1643D600360744 /* Sources */,
				37EAC8041A1643D600360744 /* Frameworks */,
				37EAC8051A1643D600360744 /* Resources */,
			);
			buildRules = (
			);
			dependencies = (
				37EAC8091A1643D600360744 /* PBXTargetDependency */,
			);
			name = BarTendrTests;
			productName = BarTendrTests;
			productReference = 37EAC8071A1643D600360744 /* BarTendrTests.xctest */;
			productType = "com.apple.product-type.bundle.unit-test";
		};
/* End PBXNativeTarget section */

/* Begin PBXProject section */
		37EAC7E31A1643D500360744 /* Project object */ = {
			isa = PBXProject;
			attributes = {
				LastUpgradeCheck = 0610;
				ORGANIZATIONNAME = Patouz;
				TargetAttributes = {
					37EAC7EA1A1643D600360744 = {
						CreatedOnToolsVersion = 6.1;
						DevelopmentTeam = TQ4QLT966J;
					};
					37EAC8061A1643D600360744 = {
						CreatedOnToolsVersion = 6.1;
						TestTargetID = 37EAC7EA1A1643D600360744;
					};
				};
			};
			buildConfigurationList = 37EAC7E61A1643D500360744 /* Build configuration list for PBXProject "BarTendr" */;
			compatibilityVersion = "Xcode 3.2";
			developmentRegion = English;
			hasScannedForEncodings = 0;
			knownRegions = (
				en,
				Base,
			);
			mainGroup = 37EAC7E21A1643D500360744;
			productRefGroup = 37EAC7EC1A1643D600360744 /* Products */;
			projectDirPath = "";
			projectRoot = "";
			targets = (
				37EAC7EA1A1643D600360744 /* BarTendr */,
				37EAC8061A1643D600360744 /* BarTendrTests */,
			);
		};
/* End PBXProject section */

/* Begin PBXResourcesBuildPhase section */
		37EAC7E91A1643D600360744 /* Resources */ = {
			isa = PBXResourcesBuildPhase;
			buildActionMask = 2147483647;
			files = (
				6491C5AA1A6974A10028390B /* logo.png in Resources */,
				64D1E3C21A77C44F00294DC2 /* RecapCell.xib in Resources */,
				64F66C9D1A6FDD830075BA5A /* CategoryCell.xib in Resources */,
				64BA91E61A697C2600BD9EFC /* biere.jpg in Resources */,
				64BA91E81A697C2600BD9EFC /* ExpendingCell.xib in Resources */,
				37EAC7FD1A1643D600360744 /* Main.storyboard in Resources */,
				37EAC8021A1643D600360744 /* LaunchScreen.xib in Resources */,
				37EAC7FF1A1643D600360744 /* Images.xcassets in Resources */,
			);
			runOnlyForDeploymentPostprocessing = 0;
		};
		37EAC8051A1643D600360744 /* Resources */ = {
			isa = PBXResourcesBuildPhase;
			buildActionMask = 2147483647;
			files = (
			);
			runOnlyForDeploymentPostprocessing = 0;
		};
/* End PBXResourcesBuildPhase section */

/* Begin PBXSourcesBuildPhase section */
		37EAC7E71A1643D600360744 /* Sources */ = {
			isa = PBXSourcesBuildPhase;
			buildActionMask = 2147483647;
			files = (
				37EAC7F41A1643D600360744 /* AppDelegate.m in Sources */,
				64D1E3C51A77C48300294DC2 /* RecapCell.m in Sources */,
				37EAC7F71A1643D600360744 /* BarTendr.xcdatamodeld in Sources */,
				64D1E3BF1A77B94700294DC2 /* Globals.m in Sources */,
				64BA91E71A697C2600BD9EFC /* ExpendingCell.m in Sources */,
				64377AEC1A28908B00F2A93C /* recapViewController.m in Sources */,
				37DF97211A69522100113402 /* Categorie.m in Sources */,
				64F66CA81A72A8690075BA5A /* Commande.m in Sources */,
				64377AEB1A28908B00F2A93C /* listeBoissonViewController.m in Sources */,
				643434E81A1F931B005482E3 /* boissonViewController.m in Sources */,
				64F66CA01A6FDDB10075BA5A /* CategoryCell.m in Sources */,
				371E54F41A724C1500F15643 /* Article.m in Sources */,
				37CD71C61A1FAC1300A86E85 /* QRViewController.m in Sources */,
				37EAC7FA1A1643D600360744 /* ViewController.m in Sources */,
				37EAC7F11A1643D600360744 /* main.m in Sources */,
			);
			runOnlyForDeploymentPostprocessing = 0;
		};
		37EAC8031A1643D600360744 /* Sources */ = {
			isa = PBXSourcesBuildPhase;
			buildActionMask = 2147483647;
			files = (
				37EAC80E1A1643D600360744 /* BarTendrTests.m in Sources */,
			);
			runOnlyForDeploymentPostprocessing = 0;
		};
/* End PBXSourcesBuildPhase section */

/* Begin PBXTargetDependency section */
		37EAC8091A1643D600360744 /* PBXTargetDependency */ = {
			isa = PBXTargetDependency;
			target = 37EAC7EA1A1643D600360744 /* BarTendr */;
			targetProxy = 37EAC8081A1643D600360744 /* PBXContainerItemProxy */;
		};
/* End PBXTargetDependency section */

/* Begin PBXVariantGroup section */
		37EAC7FB1A1643D600360744 /* Main.storyboard */ = {
			isa = PBXVariantGroup;
			children = (
				37EAC7FC1A1643D600360744 /* Base */,
			);
			name = Main.storyboard;
			sourceTree = "<group>";
		};
		37EAC8001A1643D600360744 /* LaunchScreen.xib */ = {
			isa = PBXVariantGroup;
			children = (
				37EAC8011A1643D600360744 /* Base */,
			);
			name = LaunchScreen.xib;
			sourceTree = "<group>";
		};
/* End PBXVariantGroup section */

/* Begin XCBuildConfiguration section */
		37EAC80F1A1643D600360744 /* Debug */ = {
			isa = XCBuildConfiguration;
			buildSettings = {
				ALWAYS_SEARCH_USER_PATHS = NO;
				CLANG_CXX_LANGUAGE_STANDARD = "gnu++0x";
				CLANG_CXX_LIBRARY = "libc++";
				CLANG_ENABLE_MODULES = YES;
				CLANG_ENABLE_OBJC_ARC = YES;
				CLANG_WARN_BOOL_CONVERSION = YES;
				CLANG_WARN_CONSTANT_CONVERSION = YES;
				CLANG_WARN_DIRECT_OBJC_ISA_USAGE = YES_ERROR;
				CLANG_WARN_EMPTY_BODY = YES;
				CLANG_WARN_ENUM_CONVERSION = YES;
				CLANG_WARN_INT_CONVERSION = YES;
				CLANG_WARN_OBJC_ROOT_CLASS = YES_ERROR;
				CLANG_WARN_UNREACHABLE_CODE = YES;
				CLANG_WARN__DUPLICATE_METHOD_MATCH = YES;
				"CODE_SIGN_IDENTITY[sdk=iphoneos*]" = "iPhone Developer";
				COPY_PHASE_STRIP = NO;
				ENABLE_STRICT_OBJC_MSGSEND = YES;
				GCC_C_LANGUAGE_STANDARD = gnu99;
				GCC_DYNAMIC_NO_PIC = NO;
				GCC_OPTIMIZATION_LEVEL = 0;
				GCC_PREPROCESSOR_DEFINITIONS = (
					"DEBUG=1",
					"$(inherited)",
				);
				GCC_SYMBOLS_PRIVATE_EXTERN = NO;
				GCC_WARN_64_TO_32_BIT_CONVERSION = YES;
				GCC_WARN_ABOUT_RETURN_TYPE = YES_ERROR;
				GCC_WARN_UNDECLARED_SELECTOR = YES;
				GCC_WARN_UNINITIALIZED_AUTOS = YES_AGGRESSIVE;
				GCC_WARN_UNUSED_FUNCTION = YES;
				GCC_WARN_UNUSED_VARIABLE = YES;
				IPHONEOS_DEPLOYMENT_TARGET = 8.1;
				MTL_ENABLE_DEBUG_INFO = YES;
				ONLY_ACTIVE_ARCH = YES;
				SDKROOT = iphoneos;
			};
			name = Debug;
		};
		37EAC8101A1643D600360744 /* Release */ = {
			isa = XCBuildConfiguration;
			buildSettings = {
				ALWAYS_SEARCH_USER_PATHS = NO;
				CLANG_CXX_LANGUAGE_STANDARD = "gnu++0x";
				CLANG_CXX_LIBRARY = "libc++";
				CLANG_ENABLE_MODULES = YES;
				CLANG_ENABLE_OBJC_ARC = YES;
				CLANG_WARN_BOOL_CONVERSION = YES;
				CLANG_WARN_CONSTANT_CONVERSION = YES;
				CLANG_WARN_DIRECT_OBJC_ISA_USAGE = YES_ERROR;
				CLANG_WARN_EMPTY_BODY = YES;
				CLANG_WARN_ENUM_CONVERSION = YES;
				CLANG_WARN_INT_CONVERSION = YES;
				CLANG_WARN_OBJC_ROOT_CLASS = YES_ERROR;
				CLANG_WARN_UNREACHABLE_CODE = YES;
				CLANG_WARN__DUPLICATE_METHOD_MATCH = YES;
				"CODE_SIGN_IDENTITY[sdk=iphoneos*]" = "iPhone Developer";
				COPY_PHASE_STRIP = YES;
				ENABLE_NS_ASSERTIONS = NO;
				ENABLE_STRICT_OBJC_MSGSEND = YES;
				GCC_C_LANGUAGE_STANDARD = gnu99;
				GCC_WARN_64_TO_32_BIT_CONVERSION = YES;
				GCC_WARN_ABOUT_RETURN_TYPE = YES_ERROR;
				GCC_WARN_UNDECLARED_SELECTOR = YES;
				GCC_WARN_UNINITIALIZED_AUTOS = YES_AGGRESSIVE;
				GCC_WARN_UNUSED_FUNCTION = YES;
				GCC_WARN_UNUSED_VARIABLE = YES;
				IPHONEOS_DEPLOYMENT_TARGET = 8.1;
				MTL_ENABLE_DEBUG_INFO = NO;
				SDKROOT = iphoneos;
				VALIDATE_PRODUCT = YES;
			};
			name = Release;
		};
		37EAC8121A1643D600360744 /* Debug */ = {
			isa = XCBuildConfiguration;
			buildSettings = {
				ASSETCATALOG_COMPILER_APPICON_NAME = AppIcon;
				CODE_SIGN_IDENTITY = "iPhone Developer";
				INFOPLIST_FILE = BarTendr/Info.plist;
				IPHONEOS_DEPLOYMENT_TARGET = 7.0;
				LD_RUNPATH_SEARCH_PATHS = "$(inherited) @executable_path/Frameworks";
				PRODUCT_NAME = "$(TARGET_NAME)";
			};
			name = Debug;
		};
		37EAC8131A1643D600360744 /* Release */ = {
			isa = XCBuildConfiguration;
			buildSettings = {
				ASSETCATALOG_COMPILER_APPICON_NAME = AppIcon;
				CODE_SIGN_IDENTITY = "iPhone Developer";
				INFOPLIST_FILE = BarTendr/Info.plist;
				IPHONEOS_DEPLOYMENT_TARGET = 7.0;
				LD_RUNPATH_SEARCH_PATHS = "$(inherited) @executable_path/Frameworks";
				PRODUCT_NAME = "$(TARGET_NAME)";
			};
			name = Release;
		};
		37EAC8151A1643D600360744 /* Debug */ = {
			isa = XCBuildConfiguration;
			buildSettings = {
				BUNDLE_LOADER = "$(TEST_HOST)";
				FRAMEWORK_SEARCH_PATHS = (
					"$(SDKROOT)/Developer/Library/Frameworks",
					"$(inherited)",
				);
				GCC_PREPROCESSOR_DEFINITIONS = (
					"DEBUG=1",
					"$(inherited)",
				);
				INFOPLIST_FILE = BarTendrTests/Info.plist;
				LD_RUNPATH_SEARCH_PATHS = "$(inherited) @executable_path/Frameworks @loader_path/Frameworks";
				PRODUCT_NAME = "$(TARGET_NAME)";
				TEST_HOST = "$(BUILT_PRODUCTS_DIR)/BarTendr.app/BarTendr";
			};
			name = Debug;
		};
		37EAC8161A1643D600360744 /* Release */ = {
			isa = XCBuildConfiguration;
			buildSettings = {
				BUNDLE_LOADER = "$(TEST_HOST)";
				FRAMEWORK_SEARCH_PATHS = (
					"$(SDKROOT)/Developer/Library/Frameworks",
					"$(inherited)",
				);
				INFOPLIST_FILE = BarTendrTests/Info.plist;
				LD_RUNPATH_SEARCH_PATHS = "$(inherited) @executable_path/Frameworks @loader_path/Frameworks";
				PRODUCT_NAME = "$(TARGET_NAME)";
				TEST_HOST = "$(BUILT_PRODUCTS_DIR)/BarTendr.app/BarTendr";
			};
			name = Release;
		};
/* End XCBuildConfiguration section */

/* Begin XCConfigurationList section */
		37EAC7E61A1643D500360744 /* Build configuration list for PBXProject "BarTendr" */ = {
			isa = XCConfigurationList;
			buildConfigurations = (
				37EAC80F1A1643D600360744 /* Debug */,
				37EAC8101A1643D600360744 /* Release */,
			);
			defaultConfigurationIsVisible = 0;
			defaultConfigurationName = Release;
		};
		37EAC8111A1643D600360744 /* Build configuration list for PBXNativeTarget "BarTendr" */ = {
			isa = XCConfigurationList;
			buildConfigurations = (
				37EAC8121A1643D600360744 /* Debug */,
				37EAC8131A1643D600360744 /* Release */,
			);
			defaultConfigurationIsVisible = 0;
			defaultConfigurationName = Release;
		};
		37EAC8141A1643D600360744 /* Build configuration list for PBXNativeTarget "BarTendrTests" */ = {
			isa = XCConfigurationList;
			buildConfigurations = (
				37EAC8151A1643D600360744 /* Debug */,
				37EAC8161A1643D600360744 /* Release */,
			);
			defaultConfigurationIsVisible = 0;
			defaultConfigurationName = Release;
		};
/* End XCConfigurationList section */

/* Begin XCVersionGroup section */
		37EAC7F51A1643D600360744 /* BarTendr.xcdatamodeld */ = {
			isa = XCVersionGroup;
			children = (
				37EAC7F61A1643D600360744 /* BarTendr.xcdatamodel */,
			);
			currentVersion = 37EAC7F61A1643D600360744 /* BarTendr.xcdatamodel */;
			path = BarTendr.xcdatamodeld;
			sourceTree = "<group>";
			versionGroupType = wrapper.xcdatamodel;
		};
/* End XCVersionGroup section */
	};
	rootObject = 37EAC7E31A1643D500360744 /* Project object */;
}
